// !$*UTF8*$!
{
	archiveVersion = 1;
	classes = {
	};
	objectVersion = 50;
	objects = {

/* Begin PBXBuildFile section */
		3C8EEE1E24B81760008D2985 /* AppDelegate.m in Sources */ = {isa = PBXBuildFile; fileRef = 3C8EEE1D24B81760008D2985 /* AppDelegate.m */; };
		3C8EEE2124B81760008D2985 /* SceneDelegate.m in Sources */ = {isa = PBXBuildFile; fileRef = 3C8EEE2024B81760008D2985 /* SceneDelegate.m */; };
		3C8EEE2424B81760008D2985 /* ViewController.m in Sources */ = {isa = PBXBuildFile; fileRef = 3C8EEE2324B81760008D2985 /* ViewController.m */; };
		3C8EEE2724B81760008D2985 /* Main.storyboard in Resources */ = {isa = PBXBuildFile; fileRef = 3C8EEE2524B81760008D2985 /* Main.storyboard */; };
		3C8EEE2924B81762008D2985 /* Assets.xcassets in Resources */ = {isa = PBXBuildFile; fileRef = 3C8EEE2824B81762008D2985 /* Assets.xcassets */; };
		3C8EEE2C24B81762008D2985 /* LaunchScreen.storyboard in Resources */ = {isa = PBXBuildFile; fileRef = 3C8EEE2A24B81762008D2985 /* LaunchScreen.storyboard */; };
		3C8EEE2F24B81762008D2985 /* main.m in Sources */ = {isa = PBXBuildFile; fileRef = 3C8EEE2E24B81762008D2985 /* main.m */; };
		3C8EEE3724B819C4008D2985 /* SystemConfiguration.framework in Frameworks */ = {isa = PBXBuildFile; fileRef = 3C8EEE3624B819C4008D2985 /* SystemConfiguration.framework */; };
		3C8EEE3924B819EA008D2985 /* libsqlite3.tbd in Frameworks */ = {isa = PBXBuildFile; fileRef = 3C8EEE3824B819EA008D2985 /* libsqlite3.tbd */; };
		3C8EEE3B24B819FC008D2985 /* libz.tbd in Frameworks */ = {isa = PBXBuildFile; fileRef = 3C8EEE3A24B819FC008D2985 /* libz.tbd */; };
		3C8EEE3D24B81A16008D2985 /* CoreTelephony.framework in Frameworks */ = {isa = PBXBuildFile; fileRef = 3C8EEE3C24B81A16008D2985 /* CoreTelephony.framework */; };
		3C8EEE3F24B81A61008D2985 /* UserNotifications.framework in Frameworks */ = {isa = PBXBuildFile; fileRef = 3C8EEE3E24B81A61008D2985 /* UserNotifications.framework */; };
		3C8EEE5324B82A03008D2985 /* UMCommonLog.framework in Frameworks */ = {isa = PBXBuildFile; fileRef = 3C8EEE4724B82A03008D2985 /* UMCommonLog.framework */; };
		3C8EEE5424B82A03008D2985 /* UMCommonLog.bundle in Resources */ = {isa = PBXBuildFile; fileRef = 3C8EEE4824B82A03008D2985 /* UMCommonLog.bundle */; };
		3C8EEE5524B82A03008D2985 /* UTDID.framework in Frameworks */ = {isa = PBXBuildFile; fileRef = 3C8EEE4B24B82A03008D2985 /* UTDID.framework */; };
		3C8EEE5624B82A03008D2985 /* UMPush.framework in Frameworks */ = {isa = PBXBuildFile; fileRef = 3C8EEE4E24B82A03008D2985 /* UMPush.framework */; };
		3C8EEE5724B82A03008D2985 /* UMCommon.framework in Frameworks */ = {isa = PBXBuildFile; fileRef = 3C8EEE5224B82A03008D2985 /* UMCommon.framework */; };
/* End PBXBuildFile section */

/* Begin PBXFileReference section */
		3C8EEE1924B81760008D2985 /* 40APNSTest.app */ = {isa = PBXFileReference; explicitFileType = wrapper.application; includeInIndex = 0; path = 40APNSTest.app; sourceTree = BUILT_PRODUCTS_DIR; };
		3C8EEE1C24B81760008D2985 /* AppDelegate.h */ = {isa = PBXFileReference; lastKnownFileType = sourcecode.c.h; path = AppDelegate.h; sourceTree = "<group>"; };
		3C8EEE1D24B81760008D2985 /* AppDelegate.m */ = {isa = PBXFileReference; lastKnownFileType = sourcecode.c.objc; path = AppDelegate.m; sourceTree = "<group>"; };
		3C8EEE1F24B81760008D2985 /* SceneDelegate.h */ = {isa = PBXFileReference; lastKnownFileType = sourcecode.c.h; path = SceneDelegate.h; sourceTree = "<group>"; };
		3C8EEE2024B81760008D2985 /* SceneDelegate.m */ = {isa = PBXFileReference; lastKnownFileType = sourcecode.c.objc; path = SceneDelegate.m; sourceTree = "<group>"; };
		3C8EEE2224B81760008D2985 /* ViewController.h */ = {isa = PBXFileReference; lastKnownFileType = sourcecode.c.h; path = ViewController.h; sourceTree = "<group>"; };
		3C8EEE2324B81760008D2985 /* ViewController.m */ = {isa = PBXFileReference; lastKnownFileType = sourcecode.c.objc; path = ViewController.m; sourceTree = "<group>"; };
		3C8EEE2624B81760008D2985 /* Base */ = {isa = PBXFileReference; lastKnownFileType = file.storyboard; name = Base; path = Base.lproj/Main.storyboard; sourceTree = "<group>"; };
		3C8EEE2824B81762008D2985 /* Assets.xcassets */ = {isa = PBXFileReference; lastKnownFileType = folder.assetcatalog; path = Assets.xcassets; sourceTree = "<group>"; };
		3C8EEE2B24B81762008D2985 /* Base */ = {isa = PBXFileReference; lastKnownFileType = file.storyboard; name = Base; path = Base.lproj/LaunchScreen.storyboard; sourceTree = "<group>"; };
		3C8EEE2D24B81762008D2985 /* Info.plist */ = {isa = PBXFileReference; lastKnownFileType = text.plist.xml; path = Info.plist; sourceTree = "<group>"; };
		3C8EEE2E24B81762008D2985 /* main.m */ = {isa = PBXFileReference; lastKnownFileType = sourcecode.c.objc; path = main.m; sourceTree = "<group>"; };
		3C8EEE3624B819C4008D2985 /* SystemConfiguration.framework */ = {isa = PBXFileReference; lastKnownFileType = wrapper.framework; name = SystemConfiguration.framework; path = System/Library/Frameworks/SystemConfiguration.framework; sourceTree = SDKROOT; };
		3C8EEE3824B819EA008D2985 /* libsqlite3.tbd */ = {isa = PBXFileReference; lastKnownFileType = "sourcecode.text-based-dylib-definition"; name = libsqlite3.tbd; path = usr/lib/libsqlite3.tbd; sourceTree = SDKROOT; };
		3C8EEE3A24B819FC008D2985 /* libz.tbd */ = {isa = PBXFileReference; lastKnownFileType = "sourcecode.text-based-dylib-definition"; name = libz.tbd; path = usr/lib/libz.tbd; sourceTree = SDKROOT; };
		3C8EEE3C24B81A16008D2985 /* CoreTelephony.framework */ = {isa = PBXFileReference; lastKnownFileType = wrapper.framework; name = CoreTelephony.framework; path = System/Library/Frameworks/CoreTelephony.framework; sourceTree = SDKROOT; };
		3C8EEE3E24B81A61008D2985 /* UserNotifications.framework */ = {isa = PBXFileReference; lastKnownFileType = wrapper.framework; name = UserNotifications.framework; path = System/Library/Frameworks/UserNotifications.framework; sourceTree = SDKROOT; };
		3C8EEE4024B81AA9008D2985 /* 40APNSTest.entitlements */ = {isa = PBXFileReference; lastKnownFileType = text.plist.entitlements; path = 40APNSTest.entitlements; sourceTree = "<group>"; };
		3C8EEE4724B82A03008D2985 /* UMCommonLog.framework */ = {isa = PBXFileReference; lastKnownFileType = wrapper.framework; path = UMCommonLog.framework; sourceTree = "<group>"; };
		3C8EEE4824B82A03008D2985 /* UMCommonLog.bundle */ = {isa = PBXFileReference; lastKnownFileType = "wrapper.plug-in"; path = UMCommonLog.bundle; sourceTree = "<group>"; };
		3C8EEE4B24B82A03008D2985 /* UTDID.framework */ = {isa = PBXFileReference; lastKnownFileType = wrapper.framework; path = UTDID.framework; sourceTree = "<group>"; };
		3C8EEE4E24B82A03008D2985 /* UMPush.framework */ = {isa = PBXFileReference; lastKnownFileType = wrapper.framework; path = UMPush.framework; sourceTree = "<group>"; };
		3C8EEE5224B82A03008D2985 /* UMCommon.framework */ = {isa = PBXFileReference; lastKnownFileType = wrapper.framework; path = UMCommon.framework; sourceTree = "<group>"; };
/* End PBXFileReference section */

/* Begin PBXFrameworksBuildPhase section */
		3C8EEE1624B81760008D2985 /* Frameworks */ = {
			isa = PBXFrameworksBuildPhase;
			buildActionMask = 2147483647;
			files = (
				3C8EEE5324B82A03008D2985 /* UMCommonLog.framework in Frameworks */,
				3C8EEE3F24B81A61008D2985 /* UserNotifications.framework in Frameworks */,
				3C8EEE3D24B81A16008D2985 /* CoreTelephony.framework in Frameworks */,
				3C8EEE5724B82A03008D2985 /* UMCommon.framework in Frameworks */,
				3C8EEE3B24B819FC008D2985 /* libz.tbd in Frameworks */,
				3C8EEE3924B819EA008D2985 /* libsqlite3.tbd in Frameworks */,
				3C8EEE5524B82A03008D2985 /* UTDID.framework in Frameworks */,
				3C8EEE5624B82A03008D2985 /* UMPush.framework in Frameworks */,
				3C8EEE3724B819C4008D2985 /* SystemConfiguration.framework in Frameworks */,
			);
			runOnlyForDeploymentPostprocessing = 0;
		};
/* End PBXFrameworksBuildPhase section */

/* Begin PBXGroup section */
		3C8EEE1024B81760008D2985 = {
			isa = PBXGroup;
			children = (
				3C8EEE4424B82A03008D2985 /* iOS */,
				3C8EEE1B24B81760008D2985 /* 40APNSTest */,
				3C8EEE1A24B81760008D2985 /* Products */,
				3C8EEE3524B819C4008D2985 /* Frameworks */,
			);
			sourceTree = "<group>";
		};
		3C8EEE1A24B81760008D2985 /* Products */ = {
			isa = PBXGroup;
			children = (
				3C8EEE1924B81760008D2985 /* 40APNSTest.app */,
			);
			name = Products;
			sourceTree = "<group>";
		};
		3C8EEE1B24B81760008D2985 /* 40APNSTest */ = {
			isa = PBXGroup;
			children = (
				3C8EEE4024B81AA9008D2985 /* 40APNSTest.entitlements */,
				3C8EEE1C24B81760008D2985 /* AppDelegate.h */,
				3C8EEE1D24B81760008D2985 /* AppDelegate.m */,
				3C8EEE1F24B81760008D2985 /* SceneDelegate.h */,
				3C8EEE2024B81760008D2985 /* SceneDelegate.m */,
				3C8EEE2224B81760008D2985 /* ViewController.h */,
				3C8EEE2324B81760008D2985 /* ViewController.m */,
				3C8EEE2524B81760008D2985 /* Main.storyboard */,
				3C8EEE2824B81762008D2985 /* Assets.xcassets */,
				3C8EEE2A24B81762008D2985 /* LaunchScreen.storyboard */,
				3C8EEE2D24B81762008D2985 /* Info.plist */,
				3C8EEE2E24B81762008D2985 /* main.m */,
			);
			path = 40APNSTest;
			sourceTree = "<group>";
		};
		3C8EEE3524B819C4008D2985 /* Frameworks */ = {
			isa = PBXGroup;
			children = (
				3C8EEE3E24B81A61008D2985 /* UserNotifications.framework */,
				3C8EEE3C24B81A16008D2985 /* CoreTelephony.framework */,
				3C8EEE3A24B819FC008D2985 /* libz.tbd */,
				3C8EEE3824B819EA008D2985 /* libsqlite3.tbd */,
				3C8EEE3624B819C4008D2985 /* SystemConfiguration.framework */,
			);
			name = Frameworks;
			sourceTree = "<group>";
		};
		3C8EEE4424B82A03008D2985 /* iOS */ = {
			isa = PBXGroup;
			children = (
				3C8EEE4524B82A03008D2985 /* umcommonlog */,
				3C8EEE4924B82A03008D2985 /* thirdparties */,
				3C8EEE4C24B82A03008D2985 /* push */,
				3C8EEE4F24B82A03008D2985 /* common */,
			);
			path = iOS;
			sourceTree = "<group>";
		};
		3C8EEE4524B82A03008D2985 /* umcommonlog */ = {
			isa = PBXGroup;
			children = (
				3C8EEE4624B82A03008D2985 /* umcommonlog_ios_2.0.0 */,
			);
			path = umcommonlog;
			sourceTree = "<group>";
		};
		3C8EEE4624B82A03008D2985 /* umcommonlog_ios_2.0.0 */ = {
			isa = PBXGroup;
			children = (
				3C8EEE4724B82A03008D2985 /* UMCommonLog.framework */,
				3C8EEE4824B82A03008D2985 /* UMCommonLog.bundle */,
			);
			path = umcommonlog_ios_2.0.0;
			sourceTree = "<group>";
		};
		3C8EEE4924B82A03008D2985 /* thirdparties */ = {
			isa = PBXGroup;
			children = (
				3C8EEE4A24B82A03008D2985 /* thirdparties_ios_1.0.5 */,
			);
			path = thirdparties;
			sourceTree = "<group>";
		};
		3C8EEE4A24B82A03008D2985 /* thirdparties_ios_1.0.5 */ = {
			isa = PBXGroup;
			children = (
				3C8EEE4B24B82A03008D2985 /* UTDID.framework */,
			);
			path = thirdparties_ios_1.0.5;
			sourceTree = "<group>";
		};
		3C8EEE4C24B82A03008D2985 /* push */ = {
			isa = PBXGroup;
			children = (
				3C8EEE4D24B82A03008D2985 /* push_ios_3.2.4 */,
			);
			path = push;
			sourceTree = "<group>";
		};
		3C8EEE4D24B82A03008D2985 /* push_ios_3.2.4 */ = {
			isa = PBXGroup;
			children = (
				3C8EEE4E24B82A03008D2985 /* UMPush.framework */,
			);
			path = push_ios_3.2.4;
			sourceTree = "<group>";
		};
		3C8EEE4F24B82A03008D2985 /* common */ = {
			isa = PBXGroup;
			children = (
				3C8EEE5024B82A03008D2985 /* common_ios_7.1.0 */,
			);
			path = common;
			sourceTree = "<group>";
		};
		3C8EEE5024B82A03008D2985 /* common_ios_7.1.0 */ = {
			isa = PBXGroup;
			children = (
				3C8EEE5124B82A03008D2985 /* normal */,
			);
			path = common_ios_7.1.0;
			sourceTree = "<group>";
		};
		3C8EEE5124B82A03008D2985 /* normal */ = {
			isa = PBXGroup;
			children = (
				3C8EEE5224B82A03008D2985 /* UMCommon.framework */,
			);
			path = normal;
			sourceTree = "<group>";
		};
/* End PBXGroup section */

/* Begin PBXNativeTarget section */
		3C8EEE1824B81760008D2985 /* 40APNSTest */ = {
			isa = PBXNativeTarget;
			buildConfigurationList = 3C8EEE3224B81762008D2985 /* Build configuration list for PBXNativeTarget "40APNSTest" */;
			buildPhases = (
				3C8EEE1524B81760008D2985 /* Sources */,
				3C8EEE1624B81760008D2985 /* Frameworks */,
				3C8EEE1724B81760008D2985 /* Resources */,
			);
			buildRules = (
			);
			dependencies = (
			);
			name = 40APNSTest;
			productName = 40APNSTest;
			productReference = 3C8EEE1924B81760008D2985 /* 40APNSTest.app */;
			productType = "com.apple.product-type.application";
		};
/* End PBXNativeTarget section */

/* Begin PBXProject section */
		3C8EEE1124B81760008D2985 /* Project object */ = {
			isa = PBXProject;
			attributes = {
				LastUpgradeCheck = 1150;
				ORGANIZATIONNAME = yangfan;
				TargetAttributes = {
					3C8EEE1824B81760008D2985 = {
						CreatedOnToolsVersion = 11.5;
					};
				};
			};
			buildConfigurationList = 3C8EEE1424B81760008D2985 /* Build configuration list for PBXProject "40APNSTest" */;
			compatibilityVersion = "Xcode 9.3";
			developmentRegion = en;
			hasScannedForEncodings = 0;
			knownRegions = (
				en,
				Base,
			);
			mainGroup = 3C8EEE1024B81760008D2985;
			productRefGroup = 3C8EEE1A24B81760008D2985 /* Products */;
			projectDirPath = "";
			projectRoot = "";
			targets = (
				3C8EEE1824B81760008D2985 /* 40APNSTest */,
			);
		};
/* End PBXProject section */

/* Begin PBXResourcesBuildPhase section */
		3C8EEE1724B81760008D2985 /* Resources */ = {
			isa = PBXResourcesBuildPhase;
			buildActionMask = 2147483647;
			files = (
				3C8EEE2C24B81762008D2985 /* LaunchScreen.storyboard in Resources */,
				3C8EEE2924B81762008D2985 /* Assets.xcassets in Resources */,
				3C8EEE2724B81760008D2985 /* Main.storyboard in Resources */,
				3C8EEE5424B82A03008D2985 /* UMCommonLog.bundle in Resources */,
			);
			runOnlyForDeploymentPostprocessing = 0;
		};
/* End PBXResourcesBuildPhase section */

/* Begin PBXSourcesBuildPhase section */
		3C8EEE1524B81760008D2985 /* Sources */ = {
			isa = PBXSourcesBuildPhase;
			buildActionMask = 2147483647;
			files = (
				3C8EEE2424B81760008D2985 /* ViewController.m in Sources */,
				3C8EEE1E24B81760008D2985 /* AppDelegate.m in Sources */,
				3C8EEE2F24B81762008D2985 /* main.m in Sources */,
				3C8EEE2124B81760008D2985 /* SceneDelegate.m in Sources */,
			);
			runOnlyForDeploymentPostprocessing = 0;
		};
/* End PBXSourcesBuildPhase section */

/* Begin PBXVariantGroup section */
		3C8EEE2524B81760008D2985 /* Main.storyboard */ = {
			isa = PBXVariantGroup;
			children = (
				3C8EEE2624B81760008D2985 /* Base */,
			);
			name = Main.storyboard;
			sourceTree = "<group>";
		};
		3C8EEE2A24B81762008D2985 /* LaunchScreen.storyboard */ = {
			isa = PBXVariantGroup;
			children = (
				3C8EEE2B24B81762008D2985 /* Base */,
			);
			name = LaunchScreen.storyboard;
			sourceTree = "<group>";
		};
/* End PBXVariantGroup section */

/* Begin XCBuildConfiguration section */
		3C8EEE3024B81762008D2985 /* Debug */ = {
			isa = XCBuildConfiguration;
			buildSettings = {
				ALWAYS_SEARCH_USER_PATHS = NO;
				CLANG_ANALYZER_NONNULL = YES;
				CLANG_ANALYZER_NUMBER_OBJECT_CONVERSION = YES_AGGRESSIVE;
				CLANG_CXX_LANGUAGE_STANDARD = "gnu++14";
				CLANG_CXX_LIBRARY = "libc++";
				CLANG_ENABLE_MODULES = YES;
				CLANG_ENABLE_OBJC_ARC = YES;
				CLANG_ENABLE_OBJC_WEAK = YES;
				CLANG_WARN_BLOCK_CAPTURE_AUTORELEASING = YES;
				CLANG_WARN_BOOL_CONVERSION = YES;
				CLANG_WARN_COMMA = YES;
				CLANG_WARN_CONSTANT_CONVERSION = YES;
				CLANG_WARN_DEPRECATED_OBJC_IMPLEMENTATIONS = YES;
				CLANG_WARN_DIRECT_OBJC_ISA_USAGE = YES_ERROR;
				CLANG_WARN_DOCUMENTATION_COMMENTS = YES;
				CLANG_WARN_EMPTY_BODY = YES;
				CLANG_WARN_ENUM_CONVERSION = YES;
				CLANG_WARN_INFINITE_RECURSION = YES;
				CLANG_WARN_INT_CONVERSION = YES;
				CLANG_WARN_NON_LITERAL_NULL_CONVERSION = YES;
				CLANG_WARN_OBJC_IMPLICIT_RETAIN_SELF = YES;
				CLANG_WARN_OBJC_LITERAL_CONVERSION = YES;
				CLANG_WARN_OBJC_ROOT_CLASS = YES_ERROR;
				CLANG_WARN_RANGE_LOOP_ANALYSIS = YES;
				CLANG_WARN_STRICT_PROTOTYPES = YES;
				CLANG_WARN_SUSPICIOUS_MOVE = YES;
				CLANG_WARN_UNGUARDED_AVAILABILITY = YES_AGGRESSIVE;
				CLANG_WARN_UNREACHABLE_CODE = YES;
				CLANG_WARN__DUPLICATE_METHOD_MATCH = YES;
				COPY_PHASE_STRIP = NO;
				DEBUG_INFORMATION_FORMAT = dwarf;
				ENABLE_STRICT_OBJC_MSGSEND = YES;
				ENABLE_TESTABILITY = YES;
				GCC_C_LANGUAGE_STANDARD = gnu11;
				GCC_DYNAMIC_NO_PIC = NO;
				GCC_NO_COMMON_BLOCKS = YES;
				GCC_OPTIMIZATION_LEVEL = 0;
				GCC_PREPROCESSOR_DEFINITIONS = (
					"DEBUG=1",
					"$(inherited)",
				);
				GCC_WARN_64_TO_32_BIT_CONVERSION = YES;
				GCC_WARN_ABOUT_RETURN_TYPE = YES_ERROR;
				GCC_WARN_UNDECLARED_SELECTOR = YES;
				GCC_WARN_UNINITIALIZED_AUTOS = YES_AGGRESSIVE;
				GCC_WARN_UNUSED_FUNCTION = YES;
				GCC_WARN_UNUSED_VARIABLE = YES;
				IPHONEOS_DEPLOYMENT_TARGET = 13.0;
				MTL_ENABLE_DEBUG_INFO = INCLUDE_SOURCE;
				MTL_FAST_MATH = YES;
				ONLY_ACTIVE_ARCH = YES;
				SDKROOT = iphoneos;
			};
			name = Debug;
		};
		3C8EEE3124B81762008D2985 /* Release */ = {
			isa = XCBuildConfiguration;
			buildSettings = {
				ALWAYS_SEARCH_USER_PATHS = NO;
				CLANG_ANALYZER_NONNULL = YES;
				CLANG_ANALYZER_NUMBER_OBJECT_CONVERSION = YES_AGGRESSIVE;
				CLANG_CXX_LANGUAGE_STANDARD = "gnu++14";
				CLANG_CXX_LIBRARY = "libc++";
				CLANG_ENABLE_MODULES = YES;
				CLANG_ENABLE_OBJC_ARC = YES;
				CLANG_ENABLE_OBJC_WEAK = YES;
				CLANG_WARN_BLOCK_CAPTURE_AUTORELEASING = YES;
				CLANG_WARN_BOOL_CONVERSION = YES;
				CLANG_WARN_COMMA = YES;
				CLANG_WARN_CONSTANT_CONVERSION = YES;
				CLANG_WARN_DEPRECATED_OBJC_IMPLEMENTATIONS = YES;
				CLANG_WARN_DIRECT_OBJC_ISA_USAGE = YES_ERROR;
				CLANG_WARN_DOCUMENTATION_COMMENTS = YES;
				CLANG_WARN_EMPTY_BODY = YES;
				CLANG_WARN_ENUM_CONVERSION = YES;
				CLANG_WARN_INFINITE_RECURSION = YES;
				CLANG_WARN_INT_CONVERSION = YES;
				CLANG_WARN_NON_LITERAL_NULL_CONVERSION = YES;
				CLANG_WARN_OBJC_IMPLICIT_RETAIN_SELF = YES;
				CLANG_WARN_OBJC_LITERAL_CONVERSION = YES;
				CLANG_WARN_OBJC_ROOT_CLASS = YES_ERROR;
				CLANG_WARN_RANGE_LOOP_ANALYSIS = YES;
				CLANG_WARN_STRICT_PROTOTYPES = YES;
				CLANG_WARN_SUSPICIOUS_MOVE = YES;
				CLANG_WARN_UNGUARDED_AVAILABILITY = YES_AGGRESSIVE;
				CLANG_WARN_UNREACHABLE_CODE = YES;
				CLANG_WARN__DUPLICATE_METHOD_MATCH = YES;
				COPY_PHASE_STRIP = NO;
				DEBUG_INFORMATION_FORMAT = "dwarf-with-dsym";
				ENABLE_NS_ASSERTIONS = NO;
				ENABLE_STRICT_OBJC_MSGSEND = YES;
				GCC_C_LANGUAGE_STANDARD = gnu11;
				GCC_NO_COMMON_BLOCKS = YES;
				GCC_WARN_64_TO_32_BIT_CONVERSION = YES;
				GCC_WARN_ABOUT_RETURN_TYPE = YES_ERROR;
				GCC_WARN_UNDECLARED_SELECTOR = YES;
				GCC_WARN_UNINITIALIZED_AUTOS = YES_AGGRESSIVE;
				GCC_WARN_UNUSED_FUNCTION = YES;
				GCC_WARN_UNUSED_VARIABLE = YES;
				IPHONEOS_DEPLOYMENT_TARGET = 13.0;
				MTL_ENABLE_DEBUG_INFO = NO;
				MTL_FAST_MATH = YES;
				SDKROOT = iphoneos;
				VALIDATE_PRODUCT = YES;
			};
			name = Release;
		};
		3C8EEE3324B81762008D2985 /* Debug */ = {
			isa = XCBuildConfiguration;
			buildSettings = {
				ASSETCATALOG_COMPILER_APPICON_NAME = AppIcon;
				CODE_SIGN_ENTITLEMENTS = 40APNSTest/40APNSTest.entitlements;
				CODE_SIGN_STYLE = Automatic;
				DEVELOPMENT_TEAM = 3TKZ8D9JWY;
				FRAMEWORK_SEARCH_PATHS = (
					"$(inherited)",
					"$(PROJECT_DIR)/iOS/umcommonlog/umcommonlog_ios_2.0.0",
					"$(PROJECT_DIR)/iOS/thirdparties/thirdparties_ios_1.0.5",
					"$(PROJECT_DIR)/iOS/push/push_ios_3.2.4",
					"$(PROJECT_DIR)/iOS/common/common_ios_7.1.0/normal",
				);
				INFOPLIST_FILE = 40APNSTest/Info.plist;
				LD_RUNPATH_SEARCH_PATHS = (
					"$(inherited)",
					"@executable_path/Frameworks",
				);
				PRODUCT_BUNDLE_IDENTIFIER = "com.fanxing-technology.www.-0APNSTest.yangfan";
				PRODUCT_NAME = "$(TARGET_NAME)";
				TARGETED_DEVICE_FAMILY = "1,2";
			};
			name = Debug;
		};
		3C8EEE3424B81762008D2985 /* Release */ = {
			isa = XCBuildConfiguration;
			buildSettings = {
				ASSETCATALOG_COMPILER_APPICON_NAME = AppIcon;
				CODE_SIGN_ENTITLEMENTS = 40APNSTest/40APNSTest.entitlements;
				CODE_SIGN_STYLE = Automatic;
				DEVELOPMENT_TEAM = 3TKZ8D9JWY;
				FRAMEWORK_SEARCH_PATHS = (
					"$(inherited)",
					"$(PROJECT_DIR)/iOS/umcommonlog/umcommonlog_ios_2.0.0",
					"$(PROJECT_DIR)/iOS/thirdparties/thirdparties_ios_1.0.5",
					"$(PROJECT_DIR)/iOS/push/push_ios_3.2.4",
					"$(PROJECT_DIR)/iOS/common/common_ios_7.1.0/normal",
				);
				INFOPLIST_FILE = 40APNSTest/Info.plist;
				LD_RUNPATH_SEARCH_PATHS = (
					"$(inherited)",
					"@executable_path/Frameworks",
				);
				PRODUCT_BUNDLE_IDENTIFIER = "com.fanxing-technology.www.-0APNSTest.yangfan";
				PRODUCT_NAME = "$(TARGET_NAME)";
				TARGETED_DEVICE_FAMILY = "1,2";
			};
			name = Release;
		};
/* End XCBuildConfiguration section */

/* Begin XCConfigurationList section */
		3C8EEE1424B81760008D2985 /* Build configuration list for PBXProject "40APNSTest" */ = {
			isa = XCConfigurationList;
			buildConfigurations = (
				3C8EEE3024B81762008D2985 /* Debug */,
				3C8EEE3124B81762008D2985 /* Release */,
			);
			defaultConfigurationIsVisible = 0;
			defaultConfigurationName = Release;
		};
		3C8EEE3224B81762008D2985 /* Build configuration list for PBXNativeTarget "40APNSTest" */ = {
			isa = XCConfigurationList;
			buildConfigurations = (
				3C8EEE3324B81762008D2985 /* Debug */,
				3C8EEE3424B81762008D2985 /* Release */,
			);
			defaultConfigurationIsVisible = 0;
			defaultConfigurationName = Release;
		};
/* End XCConfigurationList section */
	};
	rootObject = 3C8EEE1124B81760008D2985 /* Project object */;
}
